
Microsoft Visual Studio Solution File, Format Version 12.00
# Visual Studio Version 16
VisualStudioVersion = 16.0.30320.27
MinimumVisualStudioVersion = 10.0.40219.1
Project("{FAE04EC0-301F-11D3-BF4B-00C04F79EFBC}") = "CrudEntityFramework", "CrudEntityFramework\CrudEntityFramework.csproj", "{36292EAC-A52C-4F55-8903-E66B77E2A519}"
EndProject
Global
	GlobalSection(SolutionConfigurationPlatforms) = preSolution
		Debug|Any CPU = Debug|Any CPU
		Release|Any CPU = Release|Any CPU
	EndGlobalSection
	GlobalSection(ProjectConfigurationPlatforms) = postSolution
		{36292EAC-A52C-4F55-8903-E66B77E2A519}.Debug|Any CPU.ActiveCfg = Debug|Any CPU
		{36292EAC-A52C-4F55-8903-E66B77E2A519}.Debug|Any CPU.Build.0 = Debug|Any CPU
		{36292EAC-A52C-4F55-8903-E66B77E2A519}.Release|Any CPU.ActiveCfg = Release|Any CPU
		{36292EAC-A52C-4F55-8903-E66B77E2A519}.Release|Any CPU.Build.0 = Release|Any CPU
	EndGlobalSection
	GlobalSection(SolutionProperties) = preSolution
		HideSolutionNode = FALSE
	EndGlobalSection
	GlobalSection(ExtensibilityGlobals) = postSolution
		SolutionGuid = {2DF4ADDB-D9EB-42DA-91AC-B69F7547A2A7}
	EndGlobalSection
EndGlobal
